
Microsoft Visual Studio Solution File, Format Version 12.00
# Visual Studio 15
VisualStudioVersion = 15.0.26730.3
MinimumVisualStudioVersion = 10.0.40219.1
Project("{9A19103F-16F7-4668-BE54-9A1E7A4F7556}") = "WoW.Contract", "WoW.Contract\WoW.Contract.csproj", "{4E0B34FC-1BF5-4EC4-ADB9-3DB02B0545BA}"
EndProject
Project("{9A19103F-16F7-4668-BE54-9A1E7A4F7556}") = "WoW.CLI", "WoW.CLI\WoW.CLI.csproj", "{CD52C806-A86A-46BB-B8FF-A9424E748DDE}"
EndProject
Project("{FAE04EC0-301F-11D3-BF4B-00C04F79EFBC}") = "WoW.Api", "WoW.Api\WoW.Api.csproj", "{6726D8AE-0BE2-45E2-AEEA-5191967A0380}"
EndProject
Project("{E53339B2-1760-4266-BCC7-CA923CBCF16C}") = "docker-compose", "docker-compose.dcproj", "{2D057FA1-D76D-47B3-BB53-AAB42FE0EA23}"
EndProject
Global
	GlobalSection(SolutionConfigurationPlatforms) = preSolution
		Debug|Any CPU = Debug|Any CPU
		Release|Any CPU = Release|Any CPU
	EndGlobalSection
	GlobalSection(ProjectConfigurationPlatforms) = postSolution
		{4E0B34FC-1BF5-4EC4-ADB9-3DB02B0545BA}.Debug|Any CPU.ActiveCfg = Debug|Any CPU
		{4E0B34FC-1BF5-4EC4-ADB9-3DB02B0545BA}.Debug|Any CPU.Build.0 = Debug|Any CPU
		{4E0B34FC-1BF5-4EC4-ADB9-3DB02B0545BA}.Release|Any CPU.ActiveCfg = Release|Any CPU
		{4E0B34FC-1BF5-4EC4-ADB9-3DB02B0545BA}.Release|Any CPU.Build.0 = Release|Any CPU
		{CD52C806-A86A-46BB-B8FF-A9424E748DDE}.Debug|Any CPU.ActiveCfg = Debug|Any CPU
		{CD52C806-A86A-46BB-B8FF-A9424E748DDE}.Debug|Any CPU.Build.0 = Debug|Any CPU
		{CD52C806-A86A-46BB-B8FF-A9424E748DDE}.Release|Any CPU.ActiveCfg = Release|Any CPU
		{CD52C806-A86A-46BB-B8FF-A9424E748DDE}.Release|Any CPU.Build.0 = Release|Any CPU
		{6726D8AE-0BE2-45E2-AEEA-5191967A0380}.Debug|Any CPU.ActiveCfg = Debug|Any CPU
		{6726D8AE-0BE2-45E2-AEEA-5191967A0380}.Debug|Any CPU.Build.0 = Debug|Any CPU
		{6726D8AE-0BE2-45E2-AEEA-5191967A0380}.Release|Any CPU.ActiveCfg = Release|Any CPU
		{6726D8AE-0BE2-45E2-AEEA-5191967A0380}.Release|Any CPU.Build.0 = Release|Any CPU
		{2D057FA1-D76D-47B3-BB53-AAB42FE0EA23}.Debug|Any CPU.ActiveCfg = Debug|Any CPU
		{2D057FA1-D76D-47B3-BB53-AAB42FE0EA23}.Debug|Any CPU.Build.0 = Debug|Any CPU
		{2D057FA1-D76D-47B3-BB53-AAB42FE0EA23}.Release|Any CPU.ActiveCfg = Release|Any CPU
		{2D057FA1-D76D-47B3-BB53-AAB42FE0EA23}.Release|Any CPU.Build.0 = Release|Any CPU
	EndGlobalSection
	GlobalSection(SolutionProperties) = preSolution
		HideSolutionNode = FALSE
	EndGlobalSection
	GlobalSection(ExtensibilityGlobals) = postSolution
		SolutionGuid = {AB497083-DE0C-4EBD-958D-4944BA96D7EF}
	EndGlobalSection
EndGlobal
